{
  "name": "kirospec-builder",
  "version": "0.1.0",
  "lockfileVersion": 3,
  "requires": true,
  "packages": {
    "": {
      "name": "kirospec-builder",
      "version": "0.1.0",
      "license": "MIT",
      "bin": {
        "kirospec": "dist/infrastructure/cli/index.js"
      },
      "devDependencies": {},
      "engines": {
        "node": ">=20.0.0"
      }
    }
  }
}
